<?xml version="1.0" encoding="utf-8"?>
<Project ToolsVersion="4.0" xmlns="http://schemas.microsoft.com/developer/msbuild/2003">
  <ItemGroup>
    <Filter Include="Tituf">
      <UniqueIdentifier>{319B2A0E-9DAF-52BF-6631-F61ED2044FF0}</UniqueIdentifier>
    </Filter>
  </ItemGroup>
  <ItemGroup>
    <ClInclude Include="src\Tituf.h" />
    <ClInclude Include="src\Tituf\Application.h">
      <Filter>Tituf</Filter>
    </ClInclude>
    <ClInclude Include="src\Tituf\Core.h">
      <Filter>Tituf</Filter>
    </ClInclude>
    <ClInclude Include="src\Tituf\EntryPoint.h">
      <Filter>Tituf</Filter>
    </ClInclude>
    <ClInclude Include="src\Tituf\Log.h">
      <Filter>Tituf</Filter>
    </ClInclude>
  </ItemGroup>
  <ItemGroup>
    <ClCompile Include="src\Tituf\Application.cpp">
      <Filter>Tituf</Filter>
    </ClCompile>
    <ClCompile Include="src\Tituf\Log.cpp">
      <Filter>Tituf</Filter>
    </ClCompile>
  </ItemGroup>
</Project>