<?xml version="1.0" encoding="utf-8"?>
<Project ToolsVersion="4.0" xmlns="http://schemas.microsoft.com/developer/msbuild/2003">
  <ItemGroup>
    <Filter Include="config">
      <UniqueIdentifier>{7B6CE4F6-670E-0FCD-50C9-22213C0A961D}</UniqueIdentifier>
    </Filter>
    <Filter Include="src">
      <UniqueIdentifier>{2DAB880B-99B4-887C-2230-9F7C8E38947C}</UniqueIdentifier>
    </Filter>
    <Filter Include="src\Tituf">
      <UniqueIdentifier>{88A9E7B3-F413-9C2A-3D52-4DD0A9FB797F}</UniqueIdentifier>
    </Filter>
    <Filter Include="src\Tituf\Event">
      <UniqueIdentifier>{D930F84E-45BC-6513-4ECD-E807BAD7C113}</UniqueIdentifier>
    </Filter>
    <Filter Include="src\Tituf\ImGui">
      <UniqueIdentifier>{B2243B4F-1EB0-A813-27C1-2B0893CB0414}</UniqueIdentifier>
    </Filter>
    <Filter Include="src\Window">
      <UniqueIdentifier>{74C3D837-607B-1A85-C982-F3E0B559B575}</UniqueIdentifier>
    </Filter>
    <Filter Include="vendor">
      <UniqueIdentifier>{B3738122-9F15-ACF8-88D0-BF4C74113349}</UniqueIdentifier>
    </Filter>
    <Filter Include="vendor\imgui">
      <UniqueIdentifier>{5D3BD0F0-499E-5F95-F223-984BDE652B18}</UniqueIdentifier>
    </Filter>
    <Filter Include="vendor\imgui\backends">
      <UniqueIdentifier>{27CEAEAF-933A-6AAA-5C2E-0208C8598C12}</UniqueIdentifier>
    </Filter>
  </ItemGroup>
  <ItemGroup>
    <ClInclude Include="config\Config.h">
      <Filter>config</Filter>
    </ClInclude>
    <ClInclude Include="src\Tituf.h">
      <Filter>src</Filter>
    </ClInclude>
    <ClInclude Include="src\Tituf\Application.h">
      <Filter>src\Tituf</Filter>
    </ClInclude>
    <ClInclude Include="src\Tituf\Core.h">
      <Filter>src\Tituf</Filter>
    </ClInclude>
    <ClInclude Include="src\Tituf\EntryPoint.h">
      <Filter>src\Tituf</Filter>
    </ClInclude>
    <ClInclude Include="src\Tituf\Event\ApplicationEvent.h">
      <Filter>src\Tituf\Event</Filter>
    </ClInclude>
    <ClInclude Include="src\Tituf\Event\Event.h">
      <Filter>src\Tituf\Event</Filter>
    </ClInclude>
    <ClInclude Include="src\Tituf\Event\KeyEvent.h">
      <Filter>src\Tituf\Event</Filter>
    </ClInclude>
    <ClInclude Include="src\Tituf\Event\MouseEvent.h">
      <Filter>src\Tituf\Event</Filter>
    </ClInclude>
    <ClInclude Include="src\Tituf\ImGui\ImGuiLayer.h">
      <Filter>src\Tituf\ImGui</Filter>
    </ClInclude>
    <ClInclude Include="src\Tituf\Layer.h">
      <Filter>src\Tituf</Filter>
    </ClInclude>
    <ClInclude Include="src\Tituf\LayerStack.h">
      <Filter>src\Tituf</Filter>
    </ClInclude>
    <ClInclude Include="src\Tituf\Log.h">
      <Filter>src\Tituf</Filter>
    </ClInclude>
    <ClInclude Include="src\Window\TFWindow.h">
      <Filter>src\Window</Filter>
    </ClInclude>
    <ClInclude Include="src\tfpch.h">
      <Filter>src</Filter>
    </ClInclude>
  </ItemGroup>
  <ItemGroup>
    <ClCompile Include="..\vendor\imgui\backends\imgui_impl_opengl3.cpp">
      <Filter>vendor\imgui\backends</Filter>
    </ClCompile>
    <ClCompile Include="..\vendor\imgui\backends\imgui_impl_win32.cpp">
      <Filter>vendor\imgui\backends</Filter>
    </ClCompile>
    <ClCompile Include="..\vendor\imgui\imgui.cpp">
      <Filter>vendor\imgui</Filter>
    </ClCompile>
    <ClCompile Include="..\vendor\imgui\imgui_demo.cpp">
      <Filter>vendor\imgui</Filter>
    </ClCompile>
    <ClCompile Include="..\vendor\imgui\imgui_draw.cpp">
      <Filter>vendor\imgui</Filter>
    </ClCompile>
    <ClCompile Include="..\vendor\imgui\imgui_tables.cpp">
      <Filter>vendor\imgui</Filter>
    </ClCompile>
    <ClCompile Include="..\vendor\imgui\imgui_widgets.cpp">
      <Filter>vendor\imgui</Filter>
    </ClCompile>
    <ClCompile Include="config\Config.cpp">
      <Filter>config</Filter>
    </ClCompile>
    <ClCompile Include="src\Tituf\Application.cpp">
      <Filter>src\Tituf</Filter>
    </ClCompile>
    <ClCompile Include="src\Tituf\ImGui\ImGuiLayer.cpp">
      <Filter>src\Tituf\ImGui</Filter>
    </ClCompile>
    <ClCompile Include="src\Tituf\Layer.cpp">
      <Filter>src\Tituf</Filter>
    </ClCompile>
    <ClCompile Include="src\Tituf\LayerStack.cpp">
      <Filter>src\Tituf</Filter>
    </ClCompile>
    <ClCompile Include="src\Tituf\Log.cpp">
      <Filter>src\Tituf</Filter>
    </ClCompile>
    <ClCompile Include="src\Window\TFWindow.cpp">
      <Filter>src\Window</Filter>
    </ClCompile>
    <ClCompile Include="src\tfpch.cpp">
      <Filter>src</Filter>
    </ClCompile>
  </ItemGroup>
  <ItemGroup>
    <None Include="config\config.ini">
      <Filter>config</Filter>
    </None>
  </ItemGroup>
</Project>